
Microsoft Visual Studio Solution File, Format Version 12.00
# Visual Studio 15
VisualStudioVersion = 15.0.27428.2027
MinimumVisualStudioVersion = 10.0.40219.1
Project("{8BC9CEB8-8B4A-11D0-8D11-00A0C91BC942}") = "1_1", "1_1\1_1.vcxproj", "{1BF56E37-31CB-4989-BB92-B593C5CABC7A}"
EndProject
Project("{8BC9CEB8-8B4A-11D0-8D11-00A0C91BC942}") = "1_2", "1_2\1_2.vcxproj", "{F6951C80-AC71-42AA-ACC3-DAC5A7184F79}"
EndProject
Project("{8BC9CEB8-8B4A-11D0-8D11-00A0C91BC942}") = "2_1", "2_1\2_1.vcxproj", "{A269B1D1-8597-4F47-8B2A-743A05BB618B}"
EndProject
Project("{8BC9CEB8-8B4A-11D0-8D11-00A0C91BC942}") = "1_3", "1_3\1_3.vcxproj", "{0CED25AA-7F2C-47F1-9937-F20620B55C66}"
EndProject
Project("{8BC9CEB8-8B4A-11D0-8D11-00A0C91BC942}") = "2_2", "2_2\2_2.vcxproj", "{37F5B311-F9C6-4F91-B60C-65F95461386B}"
EndProject
Project("{8BC9CEB8-8B4A-11D0-8D11-00A0C91BC942}") = "3_1", "3_1\3_1.vcxproj", "{C1ACF615-8AB4-4EB2-9AB8-C6A4D98FD415}"
EndProject
Project("{8BC9CEB8-8B4A-11D0-8D11-00A0C91BC942}") = "4_1", "4_1\4_1.vcxproj", "{7E500ADF-892B-46F1-9EE9-B5DDAF7B85A0}"
EndProject
Global
	GlobalSection(SolutionConfigurationPlatforms) = preSolution
		Debug|x64 = Debug|x64
		Debug|x86 = Debug|x86
		Release|x64 = Release|x64
		Release|x86 = Release|x86
	EndGlobalSection
	GlobalSection(ProjectConfigurationPlatforms) = postSolution
		{1BF56E37-31CB-4989-BB92-B593C5CABC7A}.Debug|x64.ActiveCfg = Debug|x64
		{1BF56E37-31CB-4989-BB92-B593C5CABC7A}.Debug|x64.Build.0 = Debug|x64
		{1BF56E37-31CB-4989-BB92-B593C5CABC7A}.Debug|x86.ActiveCfg = Debug|Win32
		{1BF56E37-31CB-4989-BB92-B593C5CABC7A}.Debug|x86.Build.0 = Debug|Win32
		{1BF56E37-31CB-4989-BB92-B593C5CABC7A}.Release|x64.ActiveCfg = Release|x64
		{1BF56E37-31CB-4989-BB92-B593C5CABC7A}.Release|x64.Build.0 = Release|x64
		{1BF56E37-31CB-4989-BB92-B593C5CABC7A}.Release|x86.ActiveCfg = Release|Win32
		{1BF56E37-31CB-4989-BB92-B593C5CABC7A}.Release|x86.Build.0 = Release|Win32
		{F6951C80-AC71-42AA-ACC3-DAC5A7184F79}.Debug|x64.ActiveCfg = Debug|x64
		{F6951C80-AC71-42AA-ACC3-DAC5A7184F79}.Debug|x64.Build.0 = Debug|x64
		{F6951C80-AC71-42AA-ACC3-DAC5A7184F79}.Debug|x86.ActiveCfg = Debug|Win32
		{F6951C80-AC71-42AA-ACC3-DAC5A7184F79}.Debug|x86.Build.0 = Debug|Win32
		{F6951C80-AC71-42AA-ACC3-DAC5A7184F79}.Release|x64.ActiveCfg = Release|x64
		{F6951C80-AC71-42AA-ACC3-DAC5A7184F79}.Release|x64.Build.0 = Release|x64
		{F6951C80-AC71-42AA-ACC3-DAC5A7184F79}.Release|x86.ActiveCfg = Release|Win32
		{F6951C80-AC71-42AA-ACC3-DAC5A7184F79}.Release|x86.Build.0 = Release|Win32
		{A269B1D1-8597-4F47-8B2A-743A05BB618B}.Debug|x64.ActiveCfg = Debug|x64
		{A269B1D1-8597-4F47-8B2A-743A05BB618B}.Debug|x64.Build.0 = Debug|x64
		{A269B1D1-8597-4F47-8B2A-743A05BB618B}.Debug|x86.ActiveCfg = Debug|Win32
		{A269B1D1-8597-4F47-8B2A-743A05BB618B}.Debug|x86.Build.0 = Debug|Win32
		{A269B1D1-8597-4F47-8B2A-743A05BB618B}.Release|x64.ActiveCfg = Release|x64
		{A269B1D1-8597-4F47-8B2A-743A05BB618B}.Release|x64.Build.0 = Release|x64
		{A269B1D1-8597-4F47-8B2A-743A05BB618B}.Release|x86.ActiveCfg = Release|Win32
		{A269B1D1-8597-4F47-8B2A-743A05BB618B}.Release|x86.Build.0 = Release|Win32
		{0CED25AA-7F2C-47F1-9937-F20620B55C66}.Debug|x64.ActiveCfg = Debug|x64
		{0CED25AA-7F2C-47F1-9937-F20620B55C66}.Debug|x64.Build.0 = Debug|x64
		{0CED25AA-7F2C-47F1-9937-F20620B55C66}.Debug|x86.ActiveCfg = Debug|Win32
		{0CED25AA-7F2C-47F1-9937-F20620B55C66}.Debug|x86.Build.0 = Debug|Win32
		{0CED25AA-7F2C-47F1-9937-F20620B55C66}.Release|x64.ActiveCfg = Release|x64
		{0CED25AA-7F2C-47F1-9937-F20620B55C66}.Release|x64.Build.0 = Release|x64
		{0CED25AA-7F2C-47F1-9937-F20620B55C66}.Release|x86.ActiveCfg = Release|Win32
		{0CED25AA-7F2C-47F1-9937-F20620B55C66}.Release|x86.Build.0 = Release|Win32
		{37F5B311-F9C6-4F91-B60C-65F95461386B}.Debug|x64.ActiveCfg = Debug|x64
		{37F5B311-F9C6-4F91-B60C-65F95461386B}.Debug|x64.Build.0 = Debug|x64
		{37F5B311-F9C6-4F91-B60C-65F95461386B}.Debug|x86.ActiveCfg = Debug|Win32
		{37F5B311-F9C6-4F91-B60C-65F95461386B}.Debug|x86.Build.0 = Debug|Win32
		{37F5B311-F9C6-4F91-B60C-65F95461386B}.Release|x64.ActiveCfg = Release|x64
		{37F5B311-F9C6-4F91-B60C-65F95461386B}.Release|x64.Build.0 = Release|x64
		{37F5B311-F9C6-4F91-B60C-65F95461386B}.Release|x86.ActiveCfg = Release|Win32
		{37F5B311-F9C6-4F91-B60C-65F95461386B}.Release|x86.Build.0 = Release|Win32
		{C1ACF615-8AB4-4EB2-9AB8-C6A4D98FD415}.Debug|x64.ActiveCfg = Debug|x64
		{C1ACF615-8AB4-4EB2-9AB8-C6A4D98FD415}.Debug|x64.Build.0 = Debug|x64
		{C1ACF615-8AB4-4EB2-9AB8-C6A4D98FD415}.Debug|x86.ActiveCfg = Debug|Win32
		{C1ACF615-8AB4-4EB2-9AB8-C6A4D98FD415}.Debug|x86.Build.0 = Debug|Win32
		{C1ACF615-8AB4-4EB2-9AB8-C6A4D98FD415}.Release|x64.ActiveCfg = Release|x64
		{C1ACF615-8AB4-4EB2-9AB8-C6A4D98FD415}.Release|x64.Build.0 = Release|x64
		{C1ACF615-8AB4-4EB2-9AB8-C6A4D98FD415}.Release|x86.ActiveCfg = Release|Win32
		{C1ACF615-8AB4-4EB2-9AB8-C6A4D98FD415}.Release|x86.Build.0 = Release|Win32
		{7E500ADF-892B-46F1-9EE9-B5DDAF7B85A0}.Debug|x64.ActiveCfg = Debug|x64
		{7E500ADF-892B-46F1-9EE9-B5DDAF7B85A0}.Debug|x64.Build.0 = Debug|x64
		{7E500ADF-892B-46F1-9EE9-B5DDAF7B85A0}.Debug|x86.ActiveCfg = Debug|Win32
		{7E500ADF-892B-46F1-9EE9-B5DDAF7B85A0}.Debug|x86.Build.0 = Debug|Win32
		{7E500ADF-892B-46F1-9EE9-B5DDAF7B85A0}.Release|x64.ActiveCfg = Release|x64
		{7E500ADF-892B-46F1-9EE9-B5DDAF7B85A0}.Release|x64.Build.0 = Release|x64
		{7E500ADF-892B-46F1-9EE9-B5DDAF7B85A0}.Release|x86.ActiveCfg = Release|Win32
		{7E500ADF-892B-46F1-9EE9-B5DDAF7B85A0}.Release|x86.Build.0 = Release|Win32
	EndGlobalSection
	GlobalSection(SolutionProperties) = preSolution
		HideSolutionNode = FALSE
	EndGlobalSection
	GlobalSection(ExtensibilityGlobals) = postSolution
		SolutionGuid = {05597FFC-32FD-474D-9E2D-E119FCC6429D}
	EndGlobalSection
EndGlobal
